// !$*UTF8*$!
{
	archiveVersion = 1;
	classes = {
	};
	objectVersion = 56;
	objects = {

/* Begin PBXBuildFile section */
		6C1B609129D5192500BE1767 /* AppDelegate.swift in Sources */ = {isa = PBXBuildFile; fileRef = 6C1B609029D5192500BE1767 /* AppDelegate.swift */; };
		6C1B609329D5192500BE1767 /* SceneDelegate.swift in Sources */ = {isa = PBXBuildFile; fileRef = 6C1B609229D5192500BE1767 /* SceneDelegate.swift */; };
		6C1B609529D5192500BE1767 /* MoviesViewController.swift in Sources */ = {isa = PBXBuildFile; fileRef = 6C1B609429D5192500BE1767 /* MoviesViewController.swift */; };
		6C1B609829D5192500BE1767 /* Main.storyboard in Resources */ = {isa = PBXBuildFile; fileRef = 6C1B609629D5192500BE1767 /* Main.storyboard */; };
		6C1B609A29D5192800BE1767 /* Assets.xcassets in Resources */ = {isa = PBXBuildFile; fileRef = 6C1B609929D5192800BE1767 /* Assets.xcassets */; };
		6C1B609D29D5192800BE1767 /* LaunchScreen.storyboard in Resources */ = {isa = PBXBuildFile; fileRef = 6C1B609B29D5192800BE1767 /* LaunchScreen.storyboard */; };
		6C1B60A529D51AEE00BE1767 /* EstrenosCell.swift in Sources */ = {isa = PBXBuildFile; fileRef = 6C1B60A429D51AEE00BE1767 /* EstrenosCell.swift */; };
		6C1B60A729D51D3700BE1767 /* MovieDataModel.swift in Sources */ = {isa = PBXBuildFile; fileRef = 6C1B60A629D51D3700BE1767 /* MovieDataModel.swift */; };
		6C1B60A929D5201900BE1767 /* MoviesManager.swift in Sources */ = {isa = PBXBuildFile; fileRef = 6C1B60A829D5201900BE1767 /* MoviesManager.swift */; };
		6C1B60AC29D529C000BE1767 /* Kingfisher in Frameworks */ = {isa = PBXBuildFile; productRef = 6C1B60AB29D529C000BE1767 /* Kingfisher */; };
		6C1B60AE29D5300100BE1767 /* DetalleMovieViewController.swift in Sources */ = {isa = PBXBuildFile; fileRef = 6C1B60AD29D5300100BE1767 /* DetalleMovieViewController.swift */; };
		6C1D0DC329E1351400379BC7 /* demo.gif in Resources */ = {isa = PBXBuildFile; fileRef = 6C1D0DC229E1351400379BC7 /* demo.gif */; };
		6C5195BF29E1B460008D275C /* MoreInfoSheetViewController.swift in Sources */ = {isa = PBXBuildFile; fileRef = 6C5195BE29E1B460008D275C /* MoreInfoSheetViewController.swift */; };
		6C5195C229E1B86B008D275C /* FavouriteMovies.xcdatamodeld in Sources */ = {isa = PBXBuildFile; fileRef = 6C5195C029E1B86B008D275C /* FavouriteMovies.xcdatamodeld */; };
		6C5195C429E1BA1A008D275C /* FavouriteMoviesViewController.swift in Sources */ = {isa = PBXBuildFile; fileRef = 6C5195C329E1BA19008D275C /* FavouriteMoviesViewController.swift */; };
		6C5195C729E1C937008D275C /* FavoriteCell.swift in Sources */ = {isa = PBXBuildFile; fileRef = 6C5195C529E1C937008D275C /* FavoriteCell.swift */; };
		6C5195C829E1C937008D275C /* FavoriteCell.xib in Resources */ = {isa = PBXBuildFile; fileRef = 6C5195C629E1C937008D275C /* FavoriteCell.xib */; };
		6C5195CA29E1DD69008D275C /* EditarPerfilViewController.swift in Sources */ = {isa = PBXBuildFile; fileRef = 6C5195C929E1DD69008D275C /* EditarPerfilViewController.swift */; };
		6C5195CC29E1DD81008D275C /* PerfilViewController.swift in Sources */ = {isa = PBXBuildFile; fileRef = 6C5195CB29E1DD81008D275C /* PerfilViewController.swift */; };
		6C63324D29E0DCCD00E8B2E9 /* SearchMovieViewController.swift in Sources */ = {isa = PBXBuildFile; fileRef = 6C63324C29E0DCCD00E8B2E9 /* SearchMovieViewController.swift */; };
		6C63324F29E0DD5A00E8B2E9 /* FoundMovieCell.swift in Sources */ = {isa = PBXBuildFile; fileRef = 6C63324E29E0DD5A00E8B2E9 /* FoundMovieCell.swift */; };
		6C63325129E0E21F00E8B2E9 /* Constants.swift in Sources */ = {isa = PBXBuildFile; fileRef = 6C63325029E0E21F00E8B2E9 /* Constants.swift */; };
		6C63325329E0EDB100E8B2E9 /* OnboardingViewController.swift in Sources */ = {isa = PBXBuildFile; fileRef = 6C63325229E0EDB100E8B2E9 /* OnboardingViewController.swift */; };
		6C8A1C6229DBB23400F44ECA /* TrailerViewController.swift in Sources */ = {isa = PBXBuildFile; fileRef = 6C8A1C6129DBB23400F44ECA /* TrailerViewController.swift */; };
		6C8A1C6429DBBA7500F44ECA /* ResponseTrailerModel.swift in Sources */ = {isa = PBXBuildFile; fileRef = 6C8A1C6329DBBA7500F44ECA /* ResponseTrailerModel.swift */; };
		6C9DD39529E09C4B0044DEBC /* SimilarMovieCell.swift in Sources */ = {isa = PBXBuildFile; fileRef = 6C9DD39429E09C4B0044DEBC /* SimilarMovieCell.swift */; };
		6C9DD39829E0A1670044DEBC /* UIView-Shimmer in Frameworks */ = {isa = PBXBuildFile; productRef = 6C9DD39729E0A1670044DEBC /* UIView-Shimmer */; };
		6CBD79F629D5392900A490DF /* YouTubeiOSPlayerHelper in Frameworks */ = {isa = PBXBuildFile; productRef = 6CBD79F529D5392900A490DF /* YouTubeiOSPlayerHelper */; };
		6CCF020C29DEF5E9006B5FB7 /* DetalleMovie.storyboard in Resources */ = {isa = PBXBuildFile; fileRef = 6CCF020B29DEF5E9006B5FB7 /* DetalleMovie.storyboard */; };
		6CCF020E29DEFABD006B5FB7 /* DetailTrailersMovieViewController.swift in Sources */ = {isa = PBXBuildFile; fileRef = 6CCF020D29DEFABD006B5FB7 /* DetailTrailersMovieViewController.swift */; };
		6CCF021129DF099A006B5FB7 /* TrailerCell.swift in Sources */ = {isa = PBXBuildFile; fileRef = 6CCF020F29DF099A006B5FB7 /* TrailerCell.swift */; };
		6CCF021229DF099A006B5FB7 /* TrailerCell.xib in Resources */ = {isa = PBXBuildFile; fileRef = 6CCF021029DF099A006B5FB7 /* TrailerCell.xib */; };
		6CD1A3A529DE9F9800D29B64 /* ProgressHUD in Frameworks */ = {isa = PBXBuildFile; productRef = 6CD1A3A429DE9F9800D29B64 /* ProgressHUD */; };
		6CD1A3A729DEA6E200D29B64 /* PopularesCell.swift in Sources */ = {isa = PBXBuildFile; fileRef = 6CD1A3A629DEA6E200D29B64 /* PopularesCell.swift */; };
		6CD1A3A929DEA8E600D29B64 /* MovieResponseDataModel.swift in Sources */ = {isa = PBXBuildFile; fileRef = 6CD1A3A829DEA8E600D29B64 /* MovieResponseDataModel.swift */; };
		6CD1A3AB29DEAB1500D29B64 /* PopularMoviesViewController.swift in Sources */ = {isa = PBXBuildFile; fileRef = 6CD1A3AA29DEAB1500D29B64 /* PopularMoviesViewController.swift */; };
		6CD1A3AF29DEB1D600D29B64 /* UIView+Extension.swift in Sources */ = {isa = PBXBuildFile; fileRef = 6CD1A3AE29DEB1D600D29B64 /* UIView+Extension.swift */; };
		6CD1A3B129DEB25100D29B64 /* Date+Extension.swift in Sources */ = {isa = PBXBuildFile; fileRef = 6CD1A3B029DEB25100D29B64 /* Date+Extension.swift */; };
/* End PBXBuildFile section */

/* Begin PBXFileReference section */
		6C1B608D29D5192500BE1767 /* TheMovieApp.app */ = {isa = PBXFileReference; explicitFileType = wrapper.application; includeInIndex = 0; path = TheMovieApp.app; sourceTree = BUILT_PRODUCTS_DIR; };
		6C1B609029D5192500BE1767 /* AppDelegate.swift */ = {isa = PBXFileReference; lastKnownFileType = sourcecode.swift; path = AppDelegate.swift; sourceTree = "<group>"; };
		6C1B609229D5192500BE1767 /* SceneDelegate.swift */ = {isa = PBXFileReference; lastKnownFileType = sourcecode.swift; path = SceneDelegate.swift; sourceTree = "<group>"; };
		6C1B609429D5192500BE1767 /* MoviesViewController.swift */ = {isa = PBXFileReference; lastKnownFileType = sourcecode.swift; path = MoviesViewController.swift; sourceTree = "<group>"; };
		6C1B609729D5192500BE1767 /* Base */ = {isa = PBXFileReference; lastKnownFileType = file.storyboard; name = Base; path = Base.lproj/Main.storyboard; sourceTree = "<group>"; };
		6C1B609929D5192800BE1767 /* Assets.xcassets */ = {isa = PBXFileReference; lastKnownFileType = folder.assetcatalog; path = Assets.xcassets; sourceTree = "<group>"; };
		6C1B609C29D5192800BE1767 /* Base */ = {isa = PBXFileReference; lastKnownFileType = file.storyboard; name = Base; path = Base.lproj/LaunchScreen.storyboard; sourceTree = "<group>"; };
		6C1B609E29D5192800BE1767 /* Info.plist */ = {isa = PBXFileReference; lastKnownFileType = text.plist.xml; path = Info.plist; sourceTree = "<group>"; };
		6C1B60A429D51AEE00BE1767 /* EstrenosCell.swift */ = {isa = PBXFileReference; lastKnownFileType = sourcecode.swift; path = EstrenosCell.swift; sourceTree = "<group>"; };
		6C1B60A629D51D3700BE1767 /* MovieDataModel.swift */ = {isa = PBXFileReference; lastKnownFileType = sourcecode.swift; path = MovieDataModel.swift; sourceTree = "<group>"; };
		6C1B60A829D5201900BE1767 /* MoviesManager.swift */ = {isa = PBXFileReference; lastKnownFileType = sourcecode.swift; path = MoviesManager.swift; sourceTree = "<group>"; };
		6C1B60AD29D5300100BE1767 /* DetalleMovieViewController.swift */ = {isa = PBXFileReference; lastKnownFileType = sourcecode.swift; path = DetalleMovieViewController.swift; sourceTree = "<group>"; };
		6C1D0DC229E1351400379BC7 /* demo.gif */ = {isa = PBXFileReference; lastKnownFileType = image.gif; path = demo.gif; sourceTree = "<group>"; };
		6C5195BE29E1B460008D275C /* MoreInfoSheetViewController.swift */ = {isa = PBXFileReference; lastKnownFileType = sourcecode.swift; path = MoreInfoSheetViewController.swift; sourceTree = "<group>"; };
		6C5195C129E1B86B008D275C /* FavouriteMovies.xcdatamodel */ = {isa = PBXFileReference; lastKnownFileType = wrapper.xcdatamodel; path = FavouriteMovies.xcdatamodel; sourceTree = "<group>"; };
		6C5195C329E1BA19008D275C /* FavouriteMoviesViewController.swift */ = {isa = PBXFileReference; lastKnownFileType = sourcecode.swift; path = FavouriteMoviesViewController.swift; sourceTree = "<group>"; };
		6C5195C529E1C937008D275C /* FavoriteCell.swift */ = {isa = PBXFileReference; lastKnownFileType = sourcecode.swift; path = FavoriteCell.swift; sourceTree = "<group>"; };
		6C5195C629E1C937008D275C /* FavoriteCell.xib */ = {isa = PBXFileReference; lastKnownFileType = file.xib; path = FavoriteCell.xib; sourceTree = "<group>"; };
		6C5195C929E1DD69008D275C /* EditarPerfilViewController.swift */ = {isa = PBXFileReference; lastKnownFileType = sourcecode.swift; path = EditarPerfilViewController.swift; sourceTree = "<group>"; };
		6C5195CB29E1DD81008D275C /* PerfilViewController.swift */ = {isa = PBXFileReference; lastKnownFileType = sourcecode.swift; path = PerfilViewController.swift; sourceTree = "<group>"; };
		6C63324C29E0DCCD00E8B2E9 /* SearchMovieViewController.swift */ = {isa = PBXFileReference; lastKnownFileType = sourcecode.swift; path = SearchMovieViewController.swift; sourceTree = "<group>"; };
		6C63324E29E0DD5A00E8B2E9 /* FoundMovieCell.swift */ = {isa = PBXFileReference; lastKnownFileType = sourcecode.swift; path = FoundMovieCell.swift; sourceTree = "<group>"; };
		6C63325029E0E21F00E8B2E9 /* Constants.swift */ = {isa = PBXFileReference; lastKnownFileType = sourcecode.swift; path = Constants.swift; sourceTree = "<group>"; };
		6C63325229E0EDB100E8B2E9 /* OnboardingViewController.swift */ = {isa = PBXFileReference; lastKnownFileType = sourcecode.swift; path = OnboardingViewController.swift; sourceTree = "<group>"; };
		6C8A1C6129DBB23400F44ECA /* TrailerViewController.swift */ = {isa = PBXFileReference; lastKnownFileType = sourcecode.swift; path = TrailerViewController.swift; sourceTree = "<group>"; };
		6C8A1C6329DBBA7500F44ECA /* ResponseTrailerModel.swift */ = {isa = PBXFileReference; lastKnownFileType = sourcecode.swift; path = ResponseTrailerModel.swift; sourceTree = "<group>"; };
		6C9DD39429E09C4B0044DEBC /* SimilarMovieCell.swift */ = {isa = PBXFileReference; lastKnownFileType = sourcecode.swift; path = SimilarMovieCell.swift; sourceTree = "<group>"; };
		6CCF020B29DEF5E9006B5FB7 /* DetalleMovie.storyboard */ = {isa = PBXFileReference; lastKnownFileType = file.storyboard; path = DetalleMovie.storyboard; sourceTree = "<group>"; };
		6CCF020D29DEFABD006B5FB7 /* DetailTrailersMovieViewController.swift */ = {isa = PBXFileReference; lastKnownFileType = sourcecode.swift; path = DetailTrailersMovieViewController.swift; sourceTree = "<group>"; };
		6CCF020F29DF099A006B5FB7 /* TrailerCell.swift */ = {isa = PBXFileReference; lastKnownFileType = sourcecode.swift; path = TrailerCell.swift; sourceTree = "<group>"; };
		6CCF021029DF099A006B5FB7 /* TrailerCell.xib */ = {isa = PBXFileReference; lastKnownFileType = file.xib; path = TrailerCell.xib; sourceTree = "<group>"; };
		6CD1A3A629DEA6E200D29B64 /* PopularesCell.swift */ = {isa = PBXFileReference; lastKnownFileType = sourcecode.swift; path = PopularesCell.swift; sourceTree = "<group>"; };
		6CD1A3A829DEA8E600D29B64 /* MovieResponseDataModel.swift */ = {isa = PBXFileReference; lastKnownFileType = sourcecode.swift; path = MovieResponseDataModel.swift; sourceTree = "<group>"; };
		6CD1A3AA29DEAB1500D29B64 /* PopularMoviesViewController.swift */ = {isa = PBXFileReference; lastKnownFileType = sourcecode.swift; path = PopularMoviesViewController.swift; sourceTree = "<group>"; };
		6CD1A3AE29DEB1D600D29B64 /* UIView+Extension.swift */ = {isa = PBXFileReference; lastKnownFileType = sourcecode.swift; path = "UIView+Extension.swift"; sourceTree = "<group>"; };
		6CD1A3B029DEB25100D29B64 /* Date+Extension.swift */ = {isa = PBXFileReference; lastKnownFileType = sourcecode.swift; path = "Date+Extension.swift"; sourceTree = "<group>"; };
/* End PBXFileReference section */

/* Begin PBXFrameworksBuildPhase section */
		6C1B608A29D5192500BE1767 /* Frameworks */ = {
			isa = PBXFrameworksBuildPhase;
			buildActionMask = 2147483647;
			files = (
				6CD1A3A529DE9F9800D29B64 /* ProgressHUD in Frameworks */,
				6C9DD39829E0A1670044DEBC /* UIView-Shimmer in Frameworks */,
				6C1B60AC29D529C000BE1767 /* Kingfisher in Frameworks */,
				6CBD79F629D5392900A490DF /* YouTubeiOSPlayerHelper in Frameworks */,
			);
			runOnlyForDeploymentPostprocessing = 0;
		};
/* End PBXFrameworksBuildPhase section */

/* Begin PBXGroup section */
		6C1B608429D5192500BE1767 = {
			isa = PBXGroup;
			children = (
				6C1B608F29D5192500BE1767 /* TheMovieApp */,
				6C1B608E29D5192500BE1767 /* Products */,
			);
			sourceTree = "<group>";
		};
		6C1B608E29D5192500BE1767 /* Products */ = {
			isa = PBXGroup;
			children = (
				6C1B608D29D5192500BE1767 /* TheMovieApp.app */,
			);
			name = Products;
			sourceTree = "<group>";
		};
		6C1B608F29D5192500BE1767 /* TheMovieApp */ = {
			isa = PBXGroup;
			children = (
				6C1D0DC229E1351400379BC7 /* demo.gif */,
				6C1B60A829D5201900BE1767 /* MoviesManager.swift */,
				6CD1A3AD29DEB1CB00D29B64 /* Extensions */,
				6CD1A3AC29DEB1C100D29B64 /* Utils */,
				6C1B609029D5192500BE1767 /* AppDelegate.swift */,
				6C1B609229D5192500BE1767 /* SceneDelegate.swift */,
				6C8A1C6729DBBB6900F44ECA /* Vista */,
				6C1B609929D5192800BE1767 /* Assets.xcassets */,
				6C1B609E29D5192800BE1767 /* Info.plist */,
				6C8A1C6529DBBB3F00F44ECA /* Modelo */,
				6C8A1C6629DBBB4F00F44ECA /* Controlador */,
			);
			path = TheMovieApp;
			sourceTree = "<group>";
		};
		6C8A1C6529DBBB3F00F44ECA /* Modelo */ = {
			isa = PBXGroup;
			children = (
				6C5195C029E1B86B008D275C /* FavouriteMovies.xcdatamodeld */,
				6C1B60A629D51D3700BE1767 /* MovieDataModel.swift */,
				6C8A1C6329DBBA7500F44ECA /* ResponseTrailerModel.swift */,
				6CD1A3A829DEA8E600D29B64 /* MovieResponseDataModel.swift */,
			);
			path = Modelo;
			sourceTree = "<group>";
		};
		6C8A1C6629DBBB4F00F44ECA /* Controlador */ = {
			isa = PBXGroup;
			children = (
				6C1B609429D5192500BE1767 /* MoviesViewController.swift */,
				6C1B60AD29D5300100BE1767 /* DetalleMovieViewController.swift */,
				6C8A1C6129DBB23400F44ECA /* TrailerViewController.swift */,
				6CD1A3AA29DEAB1500D29B64 /* PopularMoviesViewController.swift */,
				6C63324C29E0DCCD00E8B2E9 /* SearchMovieViewController.swift */,
				6C63325229E0EDB100E8B2E9 /* OnboardingViewController.swift */,
				6C5195BE29E1B460008D275C /* MoreInfoSheetViewController.swift */,
				6C5195C329E1BA19008D275C /* FavouriteMoviesViewController.swift */,
				6C5195C929E1DD69008D275C /* EditarPerfilViewController.swift */,
				6C5195CB29E1DD81008D275C /* PerfilViewController.swift */,
			);
			path = Controlador;
			sourceTree = "<group>";
		};
		6C8A1C6729DBBB6900F44ECA /* Vista */ = {
			isa = PBXGroup;
			children = (
				6CCF020A29DEF5D0006B5FB7 /* DetalleMovie */,
				6C1B609B29D5192800BE1767 /* LaunchScreen.storyboard */,
				6C1B609629D5192500BE1767 /* Main.storyboard */,
				6C1B60A429D51AEE00BE1767 /* EstrenosCell.swift */,
				6CD1A3A629DEA6E200D29B64 /* PopularesCell.swift */,
				6CCF020F29DF099A006B5FB7 /* TrailerCell.swift */,
				6CCF021029DF099A006B5FB7 /* TrailerCell.xib */,
				6C9DD39429E09C4B0044DEBC /* SimilarMovieCell.swift */,
				6C63324E29E0DD5A00E8B2E9 /* FoundMovieCell.swift */,
				6C5195C529E1C937008D275C /* FavoriteCell.swift */,
				6C5195C629E1C937008D275C /* FavoriteCell.xib */,
			);
			path = Vista;
			sourceTree = "<group>";
		};
		6CCF020A29DEF5D0006B5FB7 /* DetalleMovie */ = {
			isa = PBXGroup;
			children = (
				6CCF020B29DEF5E9006B5FB7 /* DetalleMovie.storyboard */,
				6CCF020D29DEFABD006B5FB7 /* DetailTrailersMovieViewController.swift */,
			);
			path = DetalleMovie;
			sourceTree = "<group>";
		};
		6CD1A3AC29DEB1C100D29B64 /* Utils */ = {
			isa = PBXGroup;
			children = (
				6CD1A3B029DEB25100D29B64 /* Date+Extension.swift */,
				6C63325029E0E21F00E8B2E9 /* Constants.swift */,
			);
			path = Utils;
			sourceTree = "<group>";
		};
		6CD1A3AD29DEB1CB00D29B64 /* Extensions */ = {
			isa = PBXGroup;
			children = (
				6CD1A3AE29DEB1D600D29B64 /* UIView+Extension.swift */,
			);
			path = Extensions;
			sourceTree = "<group>";
		};
/* End PBXGroup section */

/* Begin PBXNativeTarget section */
		6C1B608C29D5192500BE1767 /* TheMovieApp */ = {
			isa = PBXNativeTarget;
			buildConfigurationList = 6C1B60A129D5192800BE1767 /* Build configuration list for PBXNativeTarget "TheMovieApp" */;
			buildPhases = (
				6C1B608929D5192500BE1767 /* Sources */,
				6C1B608A29D5192500BE1767 /* Frameworks */,
				6C1B608B29D5192500BE1767 /* Resources */,
			);
			buildRules = (
			);
			dependencies = (
			);
			name = TheMovieApp;
			packageProductDependencies = (
				6C1B60AB29D529C000BE1767 /* Kingfisher */,
				6CBD79F529D5392900A490DF /* YouTubeiOSPlayerHelper */,
				6CD1A3A429DE9F9800D29B64 /* ProgressHUD */,
				6C9DD39729E0A1670044DEBC /* UIView-Shimmer */,
			);
			productName = TheMovieApp;
			productReference = 6C1B608D29D5192500BE1767 /* TheMovieApp.app */;
			productType = "com.apple.product-type.application";
		};
/* End PBXNativeTarget section */

/* Begin PBXProject section */
		6C1B608529D5192500BE1767 /* Project object */ = {
			isa = PBXProject;
			attributes = {
				BuildIndependentTargetsInParallel = 1;
				LastSwiftUpdateCheck = 1420;
				LastUpgradeCheck = 1420;
				TargetAttributes = {
					6C1B608C29D5192500BE1767 = {
						CreatedOnToolsVersion = 14.2;
					};
				};
			};
			buildConfigurationList = 6C1B608829D5192500BE1767 /* Build configuration list for PBXProject "TheMovieApp" */;
			compatibilityVersion = "Xcode 14.0";
			developmentRegion = en;
			hasScannedForEncodings = 0;
			knownRegions = (
				en,
				Base,
			);
			mainGroup = 6C1B608429D5192500BE1767;
			packageReferences = (
				6C1B60AA29D529C000BE1767 /* XCRemoteSwiftPackageReference "Kingfisher" */,
				6CBD79F429D5392800A490DF /* XCRemoteSwiftPackageReference "youtube-ios-player-helper" */,
				6CD1A3A329DE9F9800D29B64 /* XCRemoteSwiftPackageReference "ProgressHUD" */,
				6C9DD39629E0A1670044DEBC /* XCRemoteSwiftPackageReference "UIView-Shimmer" */,
			);
			productRefGroup = 6C1B608E29D5192500BE1767 /* Products */;
			projectDirPath = "";
			projectRoot = "";
			targets = (
				6C1B608C29D5192500BE1767 /* TheMovieApp */,
			);
		};
/* End PBXProject section */

/* Begin PBXResourcesBuildPhase section */
		6C1B608B29D5192500BE1767 /* Resources */ = {
			isa = PBXResourcesBuildPhase;
			buildActionMask = 2147483647;
			files = (
				6C1B609D29D5192800BE1767 /* LaunchScreen.storyboard in Resources */,
				6C1D0DC329E1351400379BC7 /* demo.gif in Resources */,
				6CCF020C29DEF5E9006B5FB7 /* DetalleMovie.storyboard in Resources */,
				6C1B609A29D5192800BE1767 /* Assets.xcassets in Resources */,
				6C1B609829D5192500BE1767 /* Main.storyboard in Resources */,
				6CCF021229DF099A006B5FB7 /* TrailerCell.xib in Resources */,
				6C5195C829E1C937008D275C /* FavoriteCell.xib in Resources */,
			);
			runOnlyForDeploymentPostprocessing = 0;
		};
/* End PBXResourcesBuildPhase section */

/* Begin PBXSourcesBuildPhase section */
		6C1B608929D5192500BE1767 /* Sources */ = {
			isa = PBXSourcesBuildPhase;
			buildActionMask = 2147483647;
			files = (
				6CCF020E29DEFABD006B5FB7 /* DetailTrailersMovieViewController.swift in Sources */,
				6C8A1C6229DBB23400F44ECA /* TrailerViewController.swift in Sources */,
				6C5195C729E1C937008D275C /* FavoriteCell.swift in Sources */,
				6C5195CC29E1DD81008D275C /* PerfilViewController.swift in Sources */,
				6CD1A3AF29DEB1D600D29B64 /* UIView+Extension.swift in Sources */,
				6C5195C229E1B86B008D275C /* FavouriteMovies.xcdatamodeld in Sources */,
				6C63324F29E0DD5A00E8B2E9 /* FoundMovieCell.swift in Sources */,
				6CD1A3A729DEA6E200D29B64 /* PopularesCell.swift in Sources */,
				6C1B60A529D51AEE00BE1767 /* EstrenosCell.swift in Sources */,
				6C1B609529D5192500BE1767 /* MoviesViewController.swift in Sources */,
				6C1B60A729D51D3700BE1767 /* MovieDataModel.swift in Sources */,
				6C63325329E0EDB100E8B2E9 /* OnboardingViewController.swift in Sources */,
				6CD1A3A929DEA8E600D29B64 /* MovieResponseDataModel.swift in Sources */,
				6C1B609129D5192500BE1767 /* AppDelegate.swift in Sources */,
				6C63325129E0E21F00E8B2E9 /* Constants.swift in Sources */,
				6C5195C429E1BA1A008D275C /* FavouriteMoviesViewController.swift in Sources */,
				6CD1A3AB29DEAB1500D29B64 /* PopularMoviesViewController.swift in Sources */,
				6C1B60A929D5201900BE1767 /* MoviesManager.swift in Sources */,
				6C63324D29E0DCCD00E8B2E9 /* SearchMovieViewController.swift in Sources */,
				6C5195BF29E1B460008D275C /* MoreInfoSheetViewController.swift in Sources */,
				6C1B609329D5192500BE1767 /* SceneDelegate.swift in Sources */,
				6CD1A3B129DEB25100D29B64 /* Date+Extension.swift in Sources */,
				6C9DD39529E09C4B0044DEBC /* SimilarMovieCell.swift in Sources */,
				6C5195CA29E1DD69008D275C /* EditarPerfilViewController.swift in Sources */,
				6C8A1C6429DBBA7500F44ECA /* ResponseTrailerModel.swift in Sources */,
				6C1B60AE29D5300100BE1767 /* DetalleMovieViewController.swift in Sources */,
				6CCF021129DF099A006B5FB7 /* TrailerCell.swift in Sources */,
			);
			runOnlyForDeploymentPostprocessing = 0;
		};
/* End PBXSourcesBuildPhase section */

/* Begin PBXVariantGroup section */
		6C1B609629D5192500BE1767 /* Main.storyboard */ = {
			isa = PBXVariantGroup;
			children = (
				6C1B609729D5192500BE1767 /* Base */,
			);
			name = Main.storyboard;
			sourceTree = "<group>";
		};
		6C1B609B29D5192800BE1767 /* LaunchScreen.storyboard */ = {
			isa = PBXVariantGroup;
			children = (
				6C1B609C29D5192800BE1767 /* Base */,
			);
			name = LaunchScreen.storyboard;
			sourceTree = "<group>";
		};
/* End PBXVariantGroup section */

/* Begin XCBuildConfiguration section */
		6C1B609F29D5192800BE1767 /* Debug */ = {
			isa = XCBuildConfiguration;
			buildSettings = {
				ALWAYS_SEARCH_USER_PATHS = NO;
				CLANG_ANALYZER_NONNULL = YES;
				CLANG_ANALYZER_NUMBER_OBJECT_CONVERSION = YES_AGGRESSIVE;
				CLANG_CXX_LANGUAGE_STANDARD = "gnu++20";
				CLANG_ENABLE_MODULES = YES;
				CLANG_ENABLE_OBJC_ARC = YES;
				CLANG_ENABLE_OBJC_WEAK = YES;
				CLANG_WARN_BLOCK_CAPTURE_AUTORELEASING = YES;
				CLANG_WARN_BOOL_CONVERSION = YES;
				CLANG_WARN_COMMA = YES;
				CLANG_WARN_CONSTANT_CONVERSION = YES;
				CLANG_WARN_DEPRECATED_OBJC_IMPLEMENTATIONS = YES;
				CLANG_WARN_DIRECT_OBJC_ISA_USAGE = YES_ERROR;
				CLANG_WARN_DOCUMENTATION_COMMENTS = YES;
				CLANG_WARN_EMPTY_BODY = YES;
				CLANG_WARN_ENUM_CONVERSION = YES;
				CLANG_WARN_INFINITE_RECURSION = YES;
				CLANG_WARN_INT_CONVERSION = YES;
				CLANG_WARN_NON_LITERAL_NULL_CONVERSION = YES;
				CLANG_WARN_OBJC_IMPLICIT_RETAIN_SELF = YES;
				CLANG_WARN_OBJC_LITERAL_CONVERSION = YES;
				CLANG_WARN_OBJC_ROOT_CLASS = YES_ERROR;
				CLANG_WARN_QUOTED_INCLUDE_IN_FRAMEWORK_HEADER = YES;
				CLANG_WARN_RANGE_LOOP_ANALYSIS = YES;
				CLANG_WARN_STRICT_PROTOTYPES = YES;
				CLANG_WARN_SUSPICIOUS_MOVE = YES;
				CLANG_WARN_UNGUARDED_AVAILABILITY = YES_AGGRESSIVE;
				CLANG_WARN_UNREACHABLE_CODE = YES;
				CLANG_WARN__DUPLICATE_METHOD_MATCH = YES;
				COPY_PHASE_STRIP = NO;
				DEBUG_INFORMATION_FORMAT = dwarf;
				ENABLE_STRICT_OBJC_MSGSEND = YES;
				ENABLE_TESTABILITY = YES;
				GCC_C_LANGUAGE_STANDARD = gnu11;
				GCC_DYNAMIC_NO_PIC = NO;
				GCC_NO_COMMON_BLOCKS = YES;
				GCC_OPTIMIZATION_LEVEL = 0;
				GCC_PREPROCESSOR_DEFINITIONS = (
					"DEBUG=1",
					"$(inherited)",
				);
				GCC_WARN_64_TO_32_BIT_CONVERSION = YES;
				GCC_WARN_ABOUT_RETURN_TYPE = YES_ERROR;
				GCC_WARN_UNDECLARED_SELECTOR = YES;
				GCC_WARN_UNINITIALIZED_AUTOS = YES_AGGRESSIVE;
				GCC_WARN_UNUSED_FUNCTION = YES;
				GCC_WARN_UNUSED_VARIABLE = YES;
				IPHONEOS_DEPLOYMENT_TARGET = 16.2;
				MTL_ENABLE_DEBUG_INFO = INCLUDE_SOURCE;
				MTL_FAST_MATH = YES;
				ONLY_ACTIVE_ARCH = YES;
				SDKROOT = iphoneos;
				SWIFT_ACTIVE_COMPILATION_CONDITIONS = DEBUG;
				SWIFT_OPTIMIZATION_LEVEL = "-Onone";
			};
			name = Debug;
		};
		6C1B60A029D5192800BE1767 /* Release */ = {
			isa = XCBuildConfiguration;
			buildSettings = {
				ALWAYS_SEARCH_USER_PATHS = NO;
				CLANG_ANALYZER_NONNULL = YES;
				CLANG_ANALYZER_NUMBER_OBJECT_CONVERSION = YES_AGGRESSIVE;
				CLANG_CXX_LANGUAGE_STANDARD = "gnu++20";
				CLANG_ENABLE_MODULES = YES;
				CLANG_ENABLE_OBJC_ARC = YES;
				CLANG_ENABLE_OBJC_WEAK = YES;
				CLANG_WARN_BLOCK_CAPTURE_AUTORELEASING = YES;
				CLANG_WARN_BOOL_CONVERSION = YES;
				CLANG_WARN_COMMA = YES;
				CLANG_WARN_CONSTANT_CONVERSION = YES;
				CLANG_WARN_DEPRECATED_OBJC_IMPLEMENTATIONS = YES;
				CLANG_WARN_DIRECT_OBJC_ISA_USAGE = YES_ERROR;
				CLANG_WARN_DOCUMENTATION_COMMENTS = YES;
				CLANG_WARN_EMPTY_BODY = YES;
				CLANG_WARN_ENUM_CONVERSION = YES;
				CLANG_WARN_INFINITE_RECURSION = YES;
				CLANG_WARN_INT_CONVERSION = YES;
				CLANG_WARN_NON_LITERAL_NULL_CONVERSION = YES;
				CLANG_WARN_OBJC_IMPLICIT_RETAIN_SELF = YES;
				CLANG_WARN_OBJC_LITERAL_CONVERSION = YES;
				CLANG_WARN_OBJC_ROOT_CLASS = YES_ERROR;
				CLANG_WARN_QUOTED_INCLUDE_IN_FRAMEWORK_HEADER = YES;
				CLANG_WARN_RANGE_LOOP_ANALYSIS = YES;
				CLANG_WARN_STRICT_PROTOTYPES = YES;
				CLANG_WARN_SUSPICIOUS_MOVE = YES;
				CLANG_WARN_UNGUARDED_AVAILABILITY = YES_AGGRESSIVE;
				CLANG_WARN_UNREACHABLE_CODE = YES;
				CLANG_WARN__DUPLICATE_METHOD_MATCH = YES;
				COPY_PHASE_STRIP = NO;
				DEBUG_INFORMATION_FORMAT = "dwarf-with-dsym";
				ENABLE_NS_ASSERTIONS = NO;
				ENABLE_STRICT_OBJC_MSGSEND = YES;
				GCC_C_LANGUAGE_STANDARD = gnu11;
				GCC_NO_COMMON_BLOCKS = YES;
				GCC_WARN_64_TO_32_BIT_CONVERSION = YES;
				GCC_WARN_ABOUT_RETURN_TYPE = YES_ERROR;
				GCC_WARN_UNDECLARED_SELECTOR = YES;
				GCC_WARN_UNINITIALIZED_AUTOS = YES_AGGRESSIVE;
				GCC_WARN_UNUSED_FUNCTION = YES;
				GCC_WARN_UNUSED_VARIABLE = YES;
				IPHONEOS_DEPLOYMENT_TARGET = 16.2;
				MTL_ENABLE_DEBUG_INFO = NO;
				MTL_FAST_MATH = YES;
				SDKROOT = iphoneos;
				SWIFT_COMPILATION_MODE = wholemodule;
				SWIFT_OPTIMIZATION_LEVEL = "-O";
				VALIDATE_PRODUCT = YES;
			};
			name = Release;
		};
		6C1B60A229D5192800BE1767 /* Debug */ = {
			isa = XCBuildConfiguration;
			buildSettings = {
				ASSETCATALOG_COMPILER_APPICON_NAME = AppIcon;
				ASSETCATALOG_COMPILER_GLOBAL_ACCENT_COLOR_NAME = AccentColor;
				CODE_SIGN_STYLE = Automatic;
				CURRENT_PROJECT_VERSION = 1;
				DEVELOPMENT_TEAM = 28Z45T22J2;
				GENERATE_INFOPLIST_FILE = YES;
				INFOPLIST_FILE = TheMovieApp/Info.plist;
				INFOPLIST_KEY_UIApplicationSupportsIndirectInputEvents = YES;
				INFOPLIST_KEY_UILaunchStoryboardName = LaunchScreen;
				INFOPLIST_KEY_UIMainStoryboardFile = Main;
				INFOPLIST_KEY_UISupportedInterfaceOrientations_iPad = "UIInterfaceOrientationPortrait UIInterfaceOrientationPortraitUpsideDown UIInterfaceOrientationLandscapeLeft UIInterfaceOrientationLandscapeRight";
				INFOPLIST_KEY_UISupportedInterfaceOrientations_iPhone = "UIInterfaceOrientationPortrait UIInterfaceOrientationLandscapeLeft UIInterfaceOrientationLandscapeRight";
				IPHONEOS_DEPLOYMENT_TARGET = 15.0;
				LD_RUNPATH_SEARCH_PATHS = (
					"$(inherited)",
					"@executable_path/Frameworks",
				);
				MARKETING_VERSION = 1.0;
				PRODUCT_BUNDLE_IDENTIFIER = com.rotadevsolutions.TheMovieApp;
				PRODUCT_NAME = "$(TARGET_NAME)";
				SWIFT_EMIT_LOC_STRINGS = YES;
				SWIFT_VERSION = 5.0;
				TARGETED_DEVICE_FAMILY = "1,2";
			};
			name = Debug;
		};
		6C1B60A329D5192800BE1767 /* Release */ = {
			isa = XCBuildConfiguration;
			buildSettings = {
				ASSETCATALOG_COMPILER_APPICON_NAME = AppIcon;
				ASSETCATALOG_COMPILER_GLOBAL_ACCENT_COLOR_NAME = AccentColor;
				CODE_SIGN_STYLE = Automatic;
				CURRENT_PROJECT_VERSION = 1;
				DEVELOPMENT_TEAM = 28Z45T22J2;
				GENERATE_INFOPLIST_FILE = YES;
				INFOPLIST_FILE = TheMovieApp/Info.plist;
				INFOPLIST_KEY_UIApplicationSupportsIndirectInputEvents = YES;
				INFOPLIST_KEY_UILaunchStoryboardName = LaunchScreen;
				INFOPLIST_KEY_UIMainStoryboardFile = Main;
				INFOPLIST_KEY_UISupportedInterfaceOrientations_iPad = "UIInterfaceOrientationPortrait UIInterfaceOrientationPortraitUpsideDown UIInterfaceOrientationLandscapeLeft UIInterfaceOrientationLandscapeRight";
				INFOPLIST_KEY_UISupportedInterfaceOrientations_iPhone = "UIInterfaceOrientationPortrait UIInterfaceOrientationLandscapeLeft UIInterfaceOrientationLandscapeRight";
				IPHONEOS_DEPLOYMENT_TARGET = 15.0;
				LD_RUNPATH_SEARCH_PATHS = (
					"$(inherited)",
					"@executable_path/Frameworks",
				);
				MARKETING_VERSION = 1.0;
				PRODUCT_BUNDLE_IDENTIFIER = com.rotadevsolutions.TheMovieApp;
				PRODUCT_NAME = "$(TARGET_NAME)";
				SWIFT_EMIT_LOC_STRINGS = YES;
				SWIFT_VERSION = 5.0;
				TARGETED_DEVICE_FAMILY = "1,2";
			};
			name = Release;
		};
/* End XCBuildConfiguration section */

/* Begin XCConfigurationList section */
		6C1B608829D5192500BE1767 /* Build configuration list for PBXProject "TheMovieApp" */ = {
			isa = XCConfigurationList;
			buildConfigurations = (
				6C1B609F29D5192800BE1767 /* Debug */,
				6C1B60A029D5192800BE1767 /* Release */,
			);
			defaultConfigurationIsVisible = 0;
			defaultConfigurationName = Release;
		};
		6C1B60A129D5192800BE1767 /* Build configuration list for PBXNativeTarget "TheMovieApp" */ = {
			isa = XCConfigurationList;
			buildConfigurations = (
				6C1B60A229D5192800BE1767 /* Debug */,
				6C1B60A329D5192800BE1767 /* Release */,
			);
			defaultConfigurationIsVisible = 0;
			defaultConfigurationName = Release;
		};
/* End XCConfigurationList section */

/* Begin XCRemoteSwiftPackageReference section */
		6C1B60AA29D529C000BE1767 /* XCRemoteSwiftPackageReference "Kingfisher" */ = {
			isa = XCRemoteSwiftPackageReference;
			repositoryURL = "https://github.com/onevcat/Kingfisher.git";
			requirement = {
				branch = master;
				kind = branch;
			};
		};
		6C9DD39629E0A1670044DEBC /* XCRemoteSwiftPackageReference "UIView-Shimmer" */ = {
			isa = XCRemoteSwiftPackageReference;
			repositoryURL = "https://github.com/omerfarukozturk/UIView-Shimmer";
			requirement = {
				kind = upToNextMajorVersion;
				minimumVersion = 1.0.0;
			};
		};
		6CBD79F429D5392800A490DF /* XCRemoteSwiftPackageReference "youtube-ios-player-helper" */ = {
			isa = XCRemoteSwiftPackageReference;
			repositoryURL = "https://github.com/youtube/youtube-ios-player-helper.git";
			requirement = {
				kind = upToNextMajorVersion;
				minimumVersion = 1.0.0;
			};
		};
		6CD1A3A329DE9F9800D29B64 /* XCRemoteSwiftPackageReference "ProgressHUD" */ = {
			isa = XCRemoteSwiftPackageReference;
			repositoryURL = "https://github.com/relatedcode/ProgressHUD";
			requirement = {
				kind = upToNextMajorVersion;
				minimumVersion = 13.0.0;
			};
		};
/* End XCRemoteSwiftPackageReference section */

/* Begin XCSwiftPackageProductDependency section */
		6C1B60AB29D529C000BE1767 /* Kingfisher */ = {
			isa = XCSwiftPackageProductDependency;
			package = 6C1B60AA29D529C000BE1767 /* XCRemoteSwiftPackageReference "Kingfisher" */;
			productName = Kingfisher;
		};
		6C9DD39729E0A1670044DEBC /* UIView-Shimmer */ = {
			isa = XCSwiftPackageProductDependency;
			package = 6C9DD39629E0A1670044DEBC /* XCRemoteSwiftPackageReference "UIView-Shimmer" */;
			productName = "UIView-Shimmer";
		};
		6CBD79F529D5392900A490DF /* YouTubeiOSPlayerHelper */ = {
			isa = XCSwiftPackageProductDependency;
			package = 6CBD79F429D5392800A490DF /* XCRemoteSwiftPackageReference "youtube-ios-player-helper" */;
			productName = YouTubeiOSPlayerHelper;
		};
		6CD1A3A429DE9F9800D29B64 /* ProgressHUD */ = {
			isa = XCSwiftPackageProductDependency;
			package = 6CD1A3A329DE9F9800D29B64 /* XCRemoteSwiftPackageReference "ProgressHUD" */;
			productName = ProgressHUD;
		};
/* End XCSwiftPackageProductDependency section */

/* Begin XCVersionGroup section */
		6C5195C029E1B86B008D275C /* FavouriteMovies.xcdatamodeld */ = {
			isa = XCVersionGroup;
			children = (
				6C5195C129E1B86B008D275C /* FavouriteMovies.xcdatamodel */,
			);
			currentVersion = 6C5195C129E1B86B008D275C /* FavouriteMovies.xcdatamodel */;
			path = FavouriteMovies.xcdatamodeld;
			sourceTree = "<group>";
			versionGroupType = wrapper.xcdatamodel;
		};
/* End XCVersionGroup section */
	};
	rootObject = 6C1B608529D5192500BE1767 /* Project object */;
}
